<?xml version="1.0" encoding="UTF-8" standalone="yes" ?>
<CodeBlocks_project_file>
	<FileVersion major="1" minor="6" />
	<Project>
		<Option title="wxTED" />
		<Option platforms="Windows;Unix;" />
		<Option pch_mode="2" />
		<Option compiler="gcc-msys2-mingw64" />
		<Build>
			<Target title="Debug">
				<Option platforms="Windows;Unix;" />
				<Option output="bin/Debug/wxTED" prefix_auto="1" extension_auto="1" />
				<Option object_output="obj/Debug/" />
				<Option type="1" />
				<Option compiler="gcc-msys2-mingw64" />
				<Option projectLinkerOptionsRelation="2" />
				<Compiler>
					<Add option="-Wextra" />
					<Add option="-Wall" />
					<Add option="-m64" />
					<Add option="-Og" />
					<Add option="-g" />
					<Add directory="./" />
				</Compiler>
				<Linker>
					<Add option="-m64" />
				</Linker>
			</Target>
			<Target title="Release">
				<Option platforms="Windows;Unix;" />
				<Option output="bin/Release/wxTED" prefix_auto="1" extension_auto="1" />
				<Option object_output="obj/Release/" />
				<Option type="0" />
				<Option compiler="gcc-msys2-mingw64" />
				<Option projectLinkerOptionsRelation="2" />
				<Compiler>
					<Add option="-O2" />
					<Add option="-Wzero-as-null-pointer-constant" />
					<Add option="-Wextra" />
					<Add option="-Wall" />
					<Add option="-m64" />
					<Add option="`wx_config --cxxflags`" />
					<Add directory="./" />
				</Compiler>
				<Linker>
					<Add option="-s" />
					<Add option="-static-libstdc++" />
					<Add option="-static-libgcc" />
					<Add option="-static" />
					<Add option="-m64" />
				</Linker>
			</Target>
			<Target title="debug2">
				<Option output="wxTED" prefix_auto="1" extension_auto="1" />
				<Option type="0" />
				<Option compiler="gcc-msys2-mingw64" />
				<Option projectLinkerOptionsRelation="2" />
				<Compiler>
					<Add option="-Wall" />
					<Add option="-m64" />
					<Add option="-Og" />
					<Add option="-g" />
				</Compiler>
				<Linker>
					<Add option="-m64" />
				</Linker>
			</Target>
		</Build>
		<Compiler>
			<Add option="-Wall" />
			<Add option="-std=c++17" />
			<Add option="-std=c17" />
			<Add option="-m64" />
			<Add option="-pipe" />
			<Add option="`wx-config --cxxflags`" />
			<Add option="-D__GNUWIN32__" />
			<Add option="-D__WXMSW__" />
			<Add option="-DwxUSE_UNICODE" />
			<Add directory="%WXWIN%/include" />
			<Add directory="include" />
		</Compiler>
		<ResourceCompiler>
			<Add directory="%WXWIN%/lib/gcc_lib/mswu" />
			<Add directory="%WXWIN%/include" />
		</ResourceCompiler>
		<Linker>
			<Add option="-m64" />
			<Add option="`wx-config --libs`" />
			<Add library="libwxmsw33u_richtext.a" />
			<Add library="libwxbase33u_xml.a" />
			<Add library="libwxmsw33u_adv.a" />
			<Add library="libwxmsw33u_html.a" />
			<Add library="libwxmsw33u_core.a" />
			<Add library="libwxbase33u.a" />
			<Add library="libwxpng.a" />
			<Add library="libwxjpeg.a" />
			<Add library="libwxtiff.a" />
			<Add library="libwxzlib.a" />
			<Add library="libwxregexu.a" />
			<Add library="libwxexpat.a" />
			<Add library="libkernel32.a" />
			<Add library="libuser32.a" />
			<Add library="libgdi32.a" />
			<Add library="libwinspool.a" />
			<Add library="libcomdlg32.a" />
			<Add library="libadvapi32.a" />
			<Add library="libshell32.a" />
			<Add library="libole32.a" />
			<Add library="liboleaut32.a" />
			<Add library="libuuid.a" />
			<Add library="libcomctl32.a" />
			<Add library="libwsock32.a" />
			<Add library="libshlwapi.a" />
			<Add library="libversion.a" />
			<Add library="liboleacc.a" />
			<Add library="libuxtheme.a" />
			<Add library="libgdiplus.a" />
			<Add library="libmsimg32.a" />
			<Add library="libwxwebp.a" />
			<Add directory="%WXWIN%/lib/gcc_lib/" />
		</Linker>
		<Unit filename="HelpFrame.cpp">
			<Option target="Debug" />
			<Option target="Release" />
		</Unit>
		<Unit filename="HelpFrame.h">
			<Option target="Debug" />
			<Option target="Release" />
		</Unit>
		<Unit filename="PageSettingsDialog.cpp">
			<Option target="Debug" />
			<Option target="Release" />
		</Unit>
		<Unit filename="PageSettingsDialog.h">
			<Option target="Debug" />
			<Option target="Release" />
		</Unit>
		<Unit filename="PaletteFrame.cpp" />
		<Unit filename="PaletteFrame.h" />
		<Unit filename="PublishSetupDialog.cpp">
			<Option target="Debug" />
			<Option target="Release" />
		</Unit>
		<Unit filename="PublishSetupDialog.h">
			<Option target="Debug" />
			<Option target="Release" />
		</Unit>
		<Unit filename="charchange.cpp">
			<Option target="Debug" />
			<Option target="Release" />
		</Unit>
		<Unit filename="charchange.h">
			<Option target="Debug" />
			<Option target="Release" />
		</Unit>
		<Unit filename="hamm-tables.h">
			<Option target="Debug" />
			<Option target="Release" />
		</Unit>
		<Unit filename="hamm.c">
			<Option compilerVar="CC" />
			<Option target="Debug" />
			<Option target="Release" />
		</Unit>
		<Unit filename="hamm.h">
			<Option target="Debug" />
			<Option target="Release" />
		</Unit>
		<Unit filename="include/HeaderPacket.h">
			<Option target="Debug" />
			<Option target="Release" />
		</Unit>
		<Unit filename="include/T42.h">
			<Option target="Debug" />
			<Option target="Release" />
		</Unit>
		<Unit filename="mapchar.cpp">
			<Option target="Debug" />
			<Option target="Release" />
		</Unit>
		<Unit filename="mapchar.h">
			<Option target="Debug" />
			<Option target="Release" />
		</Unit>
		<Unit filename="resource.rc">
			<Option compilerVar="WINDRES" />
			<Option target="Debug" />
			<Option target="Release" />
		</Unit>
		<Unit filename="src/HeaderPacket.cpp">
			<Option target="Debug" />
			<Option target="Release" />
		</Unit>
		<Unit filename="src/T42.cpp">
			<Option target="Debug" />
			<Option target="Release" />
		</Unit>
		<Unit filename="teddybear.ico">
			<Option target="Debug" />
			<Option target="Release" />
		</Unit>
		<Unit filename="tedevent.cpp">
			<Option target="Debug" />
			<Option target="Release" />
		</Unit>
		<Unit filename="tedevent.h">
			<Option target="Debug" />
			<Option target="Release" />
		</Unit>
		<Unit filename="teletext40.cpp">
			<Option target="Debug" />
			<Option target="Release" />
		</Unit>
		<Unit filename="teletext40.h">
			<Option target="Debug" />
			<Option target="Release" />
		</Unit>
		<Unit filename="ttxcodes.h">
			<Option target="Debug" />
			<Option target="Release" />
		</Unit>
		<Unit filename="ttxline.cpp">
			<Option target="Debug" />
			<Option target="Release" />
		</Unit>
		<Unit filename="ttxline.h">
			<Option target="Debug" />
			<Option target="Release" />
		</Unit>
		<Unit filename="ttxpage.cpp">
			<Option target="Debug" />
			<Option target="Release" />
		</Unit>
		<Unit filename="ttxpage.h">
			<Option target="Debug" />
			<Option target="Release" />
		</Unit>
		<Unit filename="ttxpageset.cpp">
			<Option target="Debug" />
			<Option target="Release" />
		</Unit>
		<Unit filename="ttxpageset.h">
			<Option target="Debug" />
			<Option target="Release" />
		</Unit>
		<Unit filename="ttxrow28.cpp">
			<Option target="Debug" />
			<Option target="Release" />
		</Unit>
		<Unit filename="ttxrow28.h">
			<Option target="Debug" />
			<Option target="Release" />
		</Unit>
		<Unit filename="wxTEDApp.cpp">
			<Option target="Debug" />
			<Option target="Release" />
		</Unit>
		<Unit filename="wxTEDApp.h">
			<Option target="Debug" />
			<Option target="Release" />
		</Unit>
		<Unit filename="wxTEDMain.cpp">
			<Option target="Debug" />
			<Option target="Release" />
		</Unit>
		<Unit filename="wxTEDMain.h">
			<Option target="Debug" />
			<Option target="Release" />
		</Unit>
		<Unit filename="wxsmith/HelpFrame1.wxs">
			<Option target="Debug" />
			<Option target="Release" />
		</Unit>
		<Unit filename="wxsmith/PageSettingsDialog.wxs">
			<Option target="Debug" />
			<Option target="Release" />
		</Unit>
		<Unit filename="wxsmith/PaletteFrame.wxs" />
		<Unit filename="wxsmith/PublishSetupDialog.wxs">
			<Option target="Debug" />
			<Option target="Release" />
		</Unit>
		<Unit filename="wxsmith/wxTEDframe.wxs">
			<Option target="Debug" />
			<Option target="Release" />
		</Unit>
		<Extensions>
			<lib_finder disable_auto="1" />
			<wxsmith version="1">
				<gui name="wxWidgets" src="wxTEDApp.cpp" main="wxTEDFrame" init_handlers="necessary" language="CPP" />
				<resources>
					<wxFrame wxs="wxsmith/wxTEDframe.wxs" src="wxTEDMain.cpp" hdr="wxTEDMain.h" fwddecl="0" i18n="1" name="wxTEDFrame" language="CPP" />
					<wxDialog wxs="wxsmith/PageSettingsDialog.wxs" src="PageSettingsDialog.cpp" hdr="PageSettingsDialog.h" fwddecl="0" i18n="1" name="PageSettingsDialog" language="CPP" />
					<wxDialog wxs="wxsmith/PublishSetupDialog.wxs" src="PublishSetupDialog.cpp" hdr="PublishSetupDialog.h" fwddecl="0" i18n="1" name="PublishSetupDialog" language="CPP" />
					<wxFrame wxs="wxsmith/HelpFrame1.wxs" src="HelpFrame.cpp" hdr="HelpFrame.h" fwddecl="0" i18n="1" name="HelpFrame" language="CPP" />
					<wxDialog wxs="wxsmith/Quit.wxs" src="Quit.cpp" hdr="Quit.h" fwddecl="0" i18n="1" name="Quit" language="CPP" />
					<wxFrame wxs="wxsmith/PaletteFrame.wxs" src="PaletteFrame.cpp" hdr="PaletteFrame.h" fwddecl="0" i18n="1" name="PaletteFrame" language="CPP" />
				</resources>
			</wxsmith>
		</Extensions>
	</Project>
</CodeBlocks_project_file>
